// !$*UTF8*$!
{
	archiveVersion = 1;
	classes = {
	};
	objectVersion = 46;
	objects = {

/* Begin PBXBuildFile section */
		02256D111BD67B3500C473B7 /* main.m in Sources */ = {isa = PBXBuildFile; fileRef = 02256D101BD67B3500C473B7 /* main.m */; };
		02256D141BD67B3500C473B7 /* AppDelegate.m in Sources */ = {isa = PBXBuildFile; fileRef = 02256D131BD67B3500C473B7 /* AppDelegate.m */; };
		02256D171BD67B3500C473B7 /* ViewController.m in Sources */ = {isa = PBXBuildFile; fileRef = 02256D161BD67B3500C473B7 /* ViewController.m */; };
		02256D1A1BD67B3500C473B7 /* Main.storyboard in Resources */ = {isa = PBXBuildFile; fileRef = 02256D181BD67B3500C473B7 /* Main.storyboard */; };
		02256D1D1BD67B3500C473B7 /* PRJ_GeneralFramework_ObjC.xcdatamodeld in Sources */ = {isa = PBXBuildFile; fileRef = 02256D1B1BD67B3500C473B7 /* PRJ_GeneralFramework_ObjC.xcdatamodeld */; };
		02256D1F1BD67B3500C473B7 /* Assets.xcassets in Resources */ = {isa = PBXBuildFile; fileRef = 02256D1E1BD67B3500C473B7 /* Assets.xcassets */; };
		02256D221BD67B3500C473B7 /* LaunchScreen.storyboard in Resources */ = {isa = PBXBuildFile; fileRef = 02256D201BD67B3500C473B7 /* LaunchScreen.storyboard */; };
		02256D2D1BD67B3500C473B7 /* PRJ_GeneralFramework_ObjCTests.m in Sources */ = {isa = PBXBuildFile; fileRef = 02256D2C1BD67B3500C473B7 /* PRJ_GeneralFramework_ObjCTests.m */; };
		02256D381BD67B3500C473B7 /* PRJ_GeneralFramework_ObjCUITests.m in Sources */ = {isa = PBXBuildFile; fileRef = 02256D371BD67B3500C473B7 /* PRJ_GeneralFramework_ObjCUITests.m */; };
		02256D5F1BD67D3000C473B7 /* BaseViewCtrl.m in Sources */ = {isa = PBXBuildFile; fileRef = 02256D5E1BD67D3000C473B7 /* BaseViewCtrl.m */; settings = {ASSET_TAGS = (); }; };
		64C7930C60E887C190484466 /* libPods.a in Frameworks */ = {isa = PBXBuildFile; fileRef = 2A1537C9FEA3926E1FE6C649 /* libPods.a */; };
		DD043D541BE05A1100796312 /* OneNextViewCtrl.m in Sources */ = {isa = PBXBuildFile; fileRef = DD043D511BE05A1100796312 /* OneNextViewCtrl.m */; settings = {ASSET_TAGS = (); }; };
		DD043D551BE05A1100796312 /* OneViewCtrl.m in Sources */ = {isa = PBXBuildFile; fileRef = DD043D531BE05A1100796312 /* OneViewCtrl.m */; settings = {ASSET_TAGS = (); }; };
		DD06AA931BD904DC00EF14F1 /* BaseViewCtrl+Network.m in Sources */ = {isa = PBXBuildFile; fileRef = DD06AA921BD904DC00EF14F1 /* BaseViewCtrl+Network.m */; settings = {ASSET_TAGS = (); }; };
		DD06AA951BD907A400EF14F1 /* CoreFoundation.framework in Frameworks */ = {isa = PBXBuildFile; fileRef = DD06AA941BD907A400EF14F1 /* CoreFoundation.framework */; settings = {ATTRIBUTES = (Weak, ); }; };
		DD06AAC21BD90A6C00EF14F1 /* UIViewController+Category.m in Sources */ = {isa = PBXBuildFile; fileRef = DD06AABB1BD90A6C00EF14F1 /* UIViewController+Category.m */; settings = {ASSET_TAGS = (); }; };
		DD06AAC31BD90A6C00EF14F1 /* NSString+Category.m in Sources */ = {isa = PBXBuildFile; fileRef = DD06AABD1BD90A6C00EF14F1 /* NSString+Category.m */; settings = {ASSET_TAGS = (); }; };
		DD06AAC41BD90A6C00EF14F1 /* UIButton+Category.m in Sources */ = {isa = PBXBuildFile; fileRef = DD06AABF1BD90A6C00EF14F1 /* UIButton+Category.m */; settings = {ASSET_TAGS = (); }; };
		DD06AAC51BD90A6C00EF14F1 /* UIImage+Category.m in Sources */ = {isa = PBXBuildFile; fileRef = DD06AAC11BD90A6C00EF14F1 /* UIImage+Category.m */; settings = {ASSET_TAGS = (); }; };
		DD06AAC71BD911E800EF14F1 /* IOS编码规范.doc in Resources */ = {isa = PBXBuildFile; fileRef = DD06AAC61BD911E800EF14F1 /* IOS编码规范.doc */; settings = {ASSET_TAGS = (); }; };
		DD2881711BD8FE4E009FCC28 /* Media.xcassets in Resources */ = {isa = PBXBuildFile; fileRef = DD2881701BD8FE4E009FCC28 /* Media.xcassets */; settings = {ASSET_TAGS = (); }; };
		DD2881741BD8FED9009FCC28 /* HttpRequest.m in Sources */ = {isa = PBXBuildFile; fileRef = DD2881731BD8FED9009FCC28 /* HttpRequest.m */; settings = {ASSET_TAGS = (); }; };
		DD28817A1BD8FF6D009FCC28 /* BaseViewCtrl+Photo.m in Sources */ = {isa = PBXBuildFile; fileRef = DD2881771BD8FF6D009FCC28 /* BaseViewCtrl+Photo.m */; settings = {ASSET_TAGS = (); }; };
		DD28817B1BD8FF6D009FCC28 /* BaseViewCtrl+Location.m in Sources */ = {isa = PBXBuildFile; fileRef = DD2881791BD8FF6D009FCC28 /* BaseViewCtrl+Location.m */; settings = {ASSET_TAGS = (); }; };
		DD28817F1BD90092009FCC28 /* MainTabBarView.xib in Resources */ = {isa = PBXBuildFile; fileRef = DD28817C1BD90092009FCC28 /* MainTabBarView.xib */; settings = {ASSET_TAGS = (); }; };
		DD2881801BD90092009FCC28 /* MainTabBarCtrl.m in Sources */ = {isa = PBXBuildFile; fileRef = DD28817E1BD90092009FCC28 /* MainTabBarCtrl.m */; settings = {ASSET_TAGS = (); }; };
		DD2881831BD900A9009FCC28 /* CustomNavCtrl.m in Sources */ = {isa = PBXBuildFile; fileRef = DD2881821BD900A9009FCC28 /* CustomNavCtrl.m */; settings = {ASSET_TAGS = (); }; };
/* End PBXBuildFile section */

/* Begin PBXContainerItemProxy section */
		02256D291BD67B3500C473B7 /* PBXContainerItemProxy */ = {
			isa = PBXContainerItemProxy;
			containerPortal = 02256D041BD67B3500C473B7 /* Project object */;
			proxyType = 1;
			remoteGlobalIDString = 02256D0B1BD67B3500C473B7;
			remoteInfo = PRJ_GeneralFramework_ObjC;
		};
		02256D341BD67B3500C473B7 /* PBXContainerItemProxy */ = {
			isa = PBXContainerItemProxy;
			containerPortal = 02256D041BD67B3500C473B7 /* Project object */;
			proxyType = 1;
			remoteGlobalIDString = 02256D0B1BD67B3500C473B7;
			remoteInfo = PRJ_GeneralFramework_ObjC;
		};
/* End PBXContainerItemProxy section */

/* Begin PBXFileReference section */
		02256D0C1BD67B3500C473B7 /* PRJ_GeneralFramework_ObjC.app */ = {isa = PBXFileReference; explicitFileType = wrapper.application; includeInIndex = 0; path = PRJ_GeneralFramework_ObjC.app; sourceTree = BUILT_PRODUCTS_DIR; };
		02256D101BD67B3500C473B7 /* main.m */ = {isa = PBXFileReference; lastKnownFileType = sourcecode.c.objc; path = main.m; sourceTree = "<group>"; };
		02256D121BD67B3500C473B7 /* AppDelegate.h */ = {isa = PBXFileReference; lastKnownFileType = sourcecode.c.h; path = AppDelegate.h; sourceTree = "<group>"; };
		02256D131BD67B3500C473B7 /* AppDelegate.m */ = {isa = PBXFileReference; lastKnownFileType = sourcecode.c.objc; path = AppDelegate.m; sourceTree = "<group>"; };
		02256D151BD67B3500C473B7 /* ViewController.h */ = {isa = PBXFileReference; lastKnownFileType = sourcecode.c.h; path = ViewController.h; sourceTree = "<group>"; };
		02256D161BD67B3500C473B7 /* ViewController.m */ = {isa = PBXFileReference; lastKnownFileType = sourcecode.c.objc; path = ViewController.m; sourceTree = "<group>"; };
		02256D191BD67B3500C473B7 /* Base */ = {isa = PBXFileReference; lastKnownFileType = file.storyboard; name = Base; path = Base.lproj/Main.storyboard; sourceTree = "<group>"; };
		02256D1C1BD67B3500C473B7 /* PRJ_GeneralFramework_ObjC.xcdatamodel */ = {isa = PBXFileReference; lastKnownFileType = wrapper.xcdatamodel; path = PRJ_GeneralFramework_ObjC.xcdatamodel; sourceTree = "<group>"; };
		02256D1E1BD67B3500C473B7 /* Assets.xcassets */ = {isa = PBXFileReference; lastKnownFileType = folder.assetcatalog; path = Assets.xcassets; sourceTree = "<group>"; };
		02256D211BD67B3500C473B7 /* Base */ = {isa = PBXFileReference; lastKnownFileType = file.storyboard; name = Base; path = Base.lproj/LaunchScreen.storyboard; sourceTree = "<group>"; };
		02256D231BD67B3500C473B7 /* Info.plist */ = {isa = PBXFileReference; lastKnownFileType = text.plist.xml; path = Info.plist; sourceTree = "<group>"; };
		02256D281BD67B3500C473B7 /* PRJ_GeneralFramework_ObjCTests.xctest */ = {isa = PBXFileReference; explicitFileType = wrapper.cfbundle; includeInIndex = 0; path = PRJ_GeneralFramework_ObjCTests.xctest; sourceTree = BUILT_PRODUCTS_DIR; };
		02256D2C1BD67B3500C473B7 /* PRJ_GeneralFramework_ObjCTests.m */ = {isa = PBXFileReference; lastKnownFileType = sourcecode.c.objc; path = PRJ_GeneralFramework_ObjCTests.m; sourceTree = "<group>"; };
		02256D2E1BD67B3500C473B7 /* Info.plist */ = {isa = PBXFileReference; lastKnownFileType = text.plist.xml; path = Info.plist; sourceTree = "<group>"; };
		02256D331BD67B3500C473B7 /* PRJ_GeneralFramework_ObjCUITests.xctest */ = {isa = PBXFileReference; explicitFileType = wrapper.cfbundle; includeInIndex = 0; path = PRJ_GeneralFramework_ObjCUITests.xctest; sourceTree = BUILT_PRODUCTS_DIR; };
		02256D371BD67B3500C473B7 /* PRJ_GeneralFramework_ObjCUITests.m */ = {isa = PBXFileReference; lastKnownFileType = sourcecode.c.objc; path = PRJ_GeneralFramework_ObjCUITests.m; sourceTree = "<group>"; };
		02256D391BD67B3500C473B7 /* Info.plist */ = {isa = PBXFileReference; lastKnownFileType = text.plist.xml; path = Info.plist; sourceTree = "<group>"; };
		02256D5D1BD67D3000C473B7 /* BaseViewCtrl.h */ = {isa = PBXFileReference; fileEncoding = 4; lastKnownFileType = sourcecode.c.h; path = BaseViewCtrl.h; sourceTree = "<group>"; };
		02256D5E1BD67D3000C473B7 /* BaseViewCtrl.m */ = {isa = PBXFileReference; fileEncoding = 4; lastKnownFileType = sourcecode.c.objc; path = BaseViewCtrl.m; sourceTree = "<group>"; };
		02624BE51BE1232400FFC766 /* BaseViewCtrlNetworkDelegate.h */ = {isa = PBXFileReference; fileEncoding = 4; lastKnownFileType = sourcecode.c.h; path = BaseViewCtrlNetworkDelegate.h; sourceTree = "<group>"; };
		2A1537C9FEA3926E1FE6C649 /* libPods.a */ = {isa = PBXFileReference; explicitFileType = archive.ar; includeInIndex = 0; path = libPods.a; sourceTree = BUILT_PRODUCTS_DIR; };
		DD043D501BE05A1100796312 /* OneNextViewCtrl.h */ = {isa = PBXFileReference; fileEncoding = 4; lastKnownFileType = sourcecode.c.h; path = OneNextViewCtrl.h; sourceTree = "<group>"; };
		DD043D511BE05A1100796312 /* OneNextViewCtrl.m */ = {isa = PBXFileReference; fileEncoding = 4; lastKnownFileType = sourcecode.c.objc; path = OneNextViewCtrl.m; sourceTree = "<group>"; };
		DD043D521BE05A1100796312 /* OneViewCtrl.h */ = {isa = PBXFileReference; fileEncoding = 4; lastKnownFileType = sourcecode.c.h; path = OneViewCtrl.h; sourceTree = "<group>"; };
		DD043D531BE05A1100796312 /* OneViewCtrl.m */ = {isa = PBXFileReference; fileEncoding = 4; lastKnownFileType = sourcecode.c.objc; path = OneViewCtrl.m; sourceTree = "<group>"; };
		DD06AA911BD904DC00EF14F1 /* BaseViewCtrl+Network.h */ = {isa = PBXFileReference; fileEncoding = 4; lastKnownFileType = sourcecode.c.h; path = "BaseViewCtrl+Network.h"; sourceTree = "<group>"; };
		DD06AA921BD904DC00EF14F1 /* BaseViewCtrl+Network.m */ = {isa = PBXFileReference; fileEncoding = 4; lastKnownFileType = sourcecode.c.objc; path = "BaseViewCtrl+Network.m"; sourceTree = "<group>"; };
		DD06AA941BD907A400EF14F1 /* CoreFoundation.framework */ = {isa = PBXFileReference; lastKnownFileType = wrapper.framework; name = CoreFoundation.framework; path = System/Library/Frameworks/CoreFoundation.framework; sourceTree = SDKROOT; };
		DD06AABA1BD90A6C00EF14F1 /* UIViewController+Category.h */ = {isa = PBXFileReference; fileEncoding = 4; lastKnownFileType = sourcecode.c.h; path = "UIViewController+Category.h"; sourceTree = "<group>"; };
		DD06AABB1BD90A6C00EF14F1 /* UIViewController+Category.m */ = {isa = PBXFileReference; fileEncoding = 4; lastKnownFileType = sourcecode.c.objc; path = "UIViewController+Category.m"; sourceTree = "<group>"; };
		DD06AABC1BD90A6C00EF14F1 /* NSString+Category.h */ = {isa = PBXFileReference; fileEncoding = 4; lastKnownFileType = sourcecode.c.h; path = "NSString+Category.h"; sourceTree = "<group>"; };
		DD06AABD1BD90A6C00EF14F1 /* NSString+Category.m */ = {isa = PBXFileReference; fileEncoding = 4; lastKnownFileType = sourcecode.c.objc; path = "NSString+Category.m"; sourceTree = "<group>"; };
		DD06AABE1BD90A6C00EF14F1 /* UIButton+Category.h */ = {isa = PBXFileReference; fileEncoding = 4; lastKnownFileType = sourcecode.c.h; path = "UIButton+Category.h"; sourceTree = "<group>"; };
		DD06AABF1BD90A6C00EF14F1 /* UIButton+Category.m */ = {isa = PBXFileReference; fileEncoding = 4; lastKnownFileType = sourcecode.c.objc; path = "UIButton+Category.m"; sourceTree = "<group>"; };
		DD06AAC01BD90A6C00EF14F1 /* UIImage+Category.h */ = {isa = PBXFileReference; fileEncoding = 4; lastKnownFileType = sourcecode.c.h; path = "UIImage+Category.h"; sourceTree = "<group>"; };
		DD06AAC11BD90A6C00EF14F1 /* UIImage+Category.m */ = {isa = PBXFileReference; fileEncoding = 4; lastKnownFileType = sourcecode.c.objc; path = "UIImage+Category.m"; sourceTree = "<group>"; };
		DD06AAC61BD911E800EF14F1 /* IOS编码规范.doc */ = {isa = PBXFileReference; lastKnownFileType = file; path = "IOS编码规范.doc"; sourceTree = "<group>"; };
		DD28815F1BD8CC35009FCC28 /* PublicMacro.h */ = {isa = PBXFileReference; fileEncoding = 4; lastKnownFileType = sourcecode.c.h; path = PublicMacro.h; sourceTree = "<group>"; };
		DD2881701BD8FE4E009FCC28 /* Media.xcassets */ = {isa = PBXFileReference; lastKnownFileType = folder.assetcatalog; path = Media.xcassets; sourceTree = "<group>"; };
		DD2881721BD8FED9009FCC28 /* HttpRequest.h */ = {isa = PBXFileReference; fileEncoding = 4; lastKnownFileType = sourcecode.c.h; path = HttpRequest.h; sourceTree = "<group>"; };
		DD2881731BD8FED9009FCC28 /* HttpRequest.m */ = {isa = PBXFileReference; fileEncoding = 4; lastKnownFileType = sourcecode.c.objc; path = HttpRequest.m; sourceTree = "<group>"; };
		DD2881751BD8FEE5009FCC28 /* HttpRequestDelegate.h */ = {isa = PBXFileReference; lastKnownFileType = sourcecode.c.h; path = HttpRequestDelegate.h; sourceTree = "<group>"; };
		DD2881761BD8FF6D009FCC28 /* BaseViewCtrl+Photo.h */ = {isa = PBXFileReference; fileEncoding = 4; lastKnownFileType = sourcecode.c.h; path = "BaseViewCtrl+Photo.h"; sourceTree = "<group>"; };
		DD2881771BD8FF6D009FCC28 /* BaseViewCtrl+Photo.m */ = {isa = PBXFileReference; fileEncoding = 4; lastKnownFileType = sourcecode.c.objc; path = "BaseViewCtrl+Photo.m"; sourceTree = "<group>"; };
		DD2881781BD8FF6D009FCC28 /* BaseViewCtrl+Location.h */ = {isa = PBXFileReference; fileEncoding = 4; lastKnownFileType = sourcecode.c.h; path = "BaseViewCtrl+Location.h"; sourceTree = "<group>"; };
		DD2881791BD8FF6D009FCC28 /* BaseViewCtrl+Location.m */ = {isa = PBXFileReference; fileEncoding = 4; lastKnownFileType = sourcecode.c.objc; path = "BaseViewCtrl+Location.m"; sourceTree = "<group>"; };
		DD28817C1BD90092009FCC28 /* MainTabBarView.xib */ = {isa = PBXFileReference; fileEncoding = 4; lastKnownFileType = file.xib; path = MainTabBarView.xib; sourceTree = "<group>"; };
		DD28817D1BD90092009FCC28 /* MainTabBarCtrl.h */ = {isa = PBXFileReference; fileEncoding = 4; lastKnownFileType = sourcecode.c.h; path = MainTabBarCtrl.h; sourceTree = "<group>"; };
		DD28817E1BD90092009FCC28 /* MainTabBarCtrl.m */ = {isa = PBXFileReference; fileEncoding = 4; lastKnownFileType = sourcecode.c.objc; path = MainTabBarCtrl.m; sourceTree = "<group>"; };
		DD2881811BD900A9009FCC28 /* CustomNavCtrl.h */ = {isa = PBXFileReference; fileEncoding = 4; lastKnownFileType = sourcecode.c.h; path = CustomNavCtrl.h; sourceTree = "<group>"; };
		DD2881821BD900A9009FCC28 /* CustomNavCtrl.m */ = {isa = PBXFileReference; fileEncoding = 4; lastKnownFileType = sourcecode.c.objc; path = CustomNavCtrl.m; sourceTree = "<group>"; };
		E01C531EEAAFA5D29551B4CF /* Pods.release.xcconfig */ = {isa = PBXFileReference; includeInIndex = 1; lastKnownFileType = text.xcconfig; name = Pods.release.xcconfig; path = "Pods/Target Support Files/Pods/Pods.release.xcconfig"; sourceTree = "<group>"; };
		FE9A1509C7566850631469DF /* Pods.debug.xcconfig */ = {isa = PBXFileReference; includeInIndex = 1; lastKnownFileType = text.xcconfig; name = Pods.debug.xcconfig; path = "Pods/Target Support Files/Pods/Pods.debug.xcconfig"; sourceTree = "<group>"; };
/* End PBXFileReference section */

/* Begin PBXFrameworksBuildPhase section */
		02256D091BD67B3500C473B7 /* Frameworks */ = {
			isa = PBXFrameworksBuildPhase;
			buildActionMask = 2147483647;
			files = (
				DD06AA951BD907A400EF14F1 /* CoreFoundation.framework in Frameworks */,
				64C7930C60E887C190484466 /* libPods.a in Frameworks */,
			);
			runOnlyForDeploymentPostprocessing = 0;
		};
		02256D251BD67B3500C473B7 /* Frameworks */ = {
			isa = PBXFrameworksBuildPhase;
			buildActionMask = 2147483647;
			files = (
			);
			runOnlyForDeploymentPostprocessing = 0;
		};
		02256D301BD67B3500C473B7 /* Frameworks */ = {
			isa = PBXFrameworksBuildPhase;
			buildActionMask = 2147483647;
			files = (
			);
			runOnlyForDeploymentPostprocessing = 0;
		};
/* End PBXFrameworksBuildPhase section */

/* Begin PBXGroup section */
		02256D031BD67B3500C473B7 = {
			isa = PBXGroup;
			children = (
				02256D0E1BD67B3500C473B7 /* PRJ_GeneralFramework_ObjC */,
				02256D2B1BD67B3500C473B7 /* PRJ_GeneralFramework_ObjCTests */,
				02256D361BD67B3500C473B7 /* PRJ_GeneralFramework_ObjCUITests */,
				02256D0D1BD67B3500C473B7 /* Products */,
				EB738CC1D0B1C10C264A534A /* Pods */,
				5C38C66038BC1DF6270744FF /* Frameworks */,
			);
			sourceTree = "<group>";
		};
		02256D0D1BD67B3500C473B7 /* Products */ = {
			isa = PBXGroup;
			children = (
				02256D0C1BD67B3500C473B7 /* PRJ_GeneralFramework_ObjC.app */,
				02256D281BD67B3500C473B7 /* PRJ_GeneralFramework_ObjCTests.xctest */,
				02256D331BD67B3500C473B7 /* PRJ_GeneralFramework_ObjCUITests.xctest */,
			);
			name = Products;
			sourceTree = "<group>";
		};
		02256D0E1BD67B3500C473B7 /* PRJ_GeneralFramework_ObjC */ = {
			isa = PBXGroup;
			children = (
				DD06AAC61BD911E800EF14F1 /* IOS编码规范.doc */,
				02256D121BD67B3500C473B7 /* AppDelegate.h */,
				02256D131BD67B3500C473B7 /* AppDelegate.m */,
				02256D181BD67B3500C473B7 /* Main.storyboard */,
				02256D551BD67C4100C473B7 /* ViewControllers */,
				02256D561BD67C4100C473B7 /* Views */,
				02256D511BD67C4100C473B7 /* Category */,
				02256D521BD67C4100C473B7 /* Helper */,
				02256D531BD67C4100C473B7 /* Lib */,
				02256D541BD67C4100C473B7 /* Model */,
				02256D0F1BD67B3500C473B7 /* Supporting Files */,
			);
			path = PRJ_GeneralFramework_ObjC;
			sourceTree = "<group>";
		};
		02256D0F1BD67B3500C473B7 /* Supporting Files */ = {
			isa = PBXGroup;
			children = (
				02256D101BD67B3500C473B7 /* main.m */,
				02256D151BD67B3500C473B7 /* ViewController.h */,
				02256D161BD67B3500C473B7 /* ViewController.m */,
				DD2881701BD8FE4E009FCC28 /* Media.xcassets */,
				02256D1E1BD67B3500C473B7 /* Assets.xcassets */,
				02256D201BD67B3500C473B7 /* LaunchScreen.storyboard */,
				02256D231BD67B3500C473B7 /* Info.plist */,
				02256D1B1BD67B3500C473B7 /* PRJ_GeneralFramework_ObjC.xcdatamodeld */,
			);
			name = "Supporting Files";
			sourceTree = "<group>";
		};
		02256D2B1BD67B3500C473B7 /* PRJ_GeneralFramework_ObjCTests */ = {
			isa = PBXGroup;
			children = (
				02256D2C1BD67B3500C473B7 /* PRJ_GeneralFramework_ObjCTests.m */,
				02256D2E1BD67B3500C473B7 /* Info.plist */,
			);
			path = PRJ_GeneralFramework_ObjCTests;
			sourceTree = "<group>";
		};
		02256D361BD67B3500C473B7 /* PRJ_GeneralFramework_ObjCUITests */ = {
			isa = PBXGroup;
			children = (
				02256D371BD67B3500C473B7 /* PRJ_GeneralFramework_ObjCUITests.m */,
				02256D391BD67B3500C473B7 /* Info.plist */,
			);
			path = PRJ_GeneralFramework_ObjCUITests;
			sourceTree = "<group>";
		};
		02256D511BD67C4100C473B7 /* Category */ = {
			isa = PBXGroup;
			children = (
				DD06AABA1BD90A6C00EF14F1 /* UIViewController+Category.h */,
				DD06AABB1BD90A6C00EF14F1 /* UIViewController+Category.m */,
				DD06AABC1BD90A6C00EF14F1 /* NSString+Category.h */,
				DD06AABD1BD90A6C00EF14F1 /* NSString+Category.m */,
				DD06AABE1BD90A6C00EF14F1 /* UIButton+Category.h */,
				DD06AABF1BD90A6C00EF14F1 /* UIButton+Category.m */,
				DD06AAC01BD90A6C00EF14F1 /* UIImage+Category.h */,
				DD06AAC11BD90A6C00EF14F1 /* UIImage+Category.m */,
			);
			path = Category;
			sourceTree = "<group>";
		};
		02256D521BD67C4100C473B7 /* Helper */ = {
			isa = PBXGroup;
			children = (
				DD28815F1BD8CC35009FCC28 /* PublicMacro.h */,
				DD2881721BD8FED9009FCC28 /* HttpRequest.h */,
				DD2881731BD8FED9009FCC28 /* HttpRequest.m */,
				DD2881751BD8FEE5009FCC28 /* HttpRequestDelegate.h */,
			);
			path = Helper;
			sourceTree = "<group>";
		};
		02256D531BD67C4100C473B7 /* Lib */ = {
			isa = PBXGroup;
			children = (
			);
			path = Lib;
			sourceTree = "<group>";
		};
		02256D541BD67C4100C473B7 /* Model */ = {
			isa = PBXGroup;
			children = (
			);
			path = Model;
			sourceTree = "<group>";
		};
		02256D551BD67C4100C473B7 /* ViewControllers */ = {
			isa = PBXGroup;
			children = (
				02256D5C1BD67D0F00C473B7 /* Base */,
				DD043D4F1BE05A1100796312 /* One */,
			);
			path = ViewControllers;
			sourceTree = "<group>";
		};
		02256D561BD67C4100C473B7 /* Views */ = {
			isa = PBXGroup;
			children = (
				02256D571BD67C4100C473B7 /* CollectionView */,
				02256D581BD67C4100C473B7 /* Other */,
				02256D591BD67C4100C473B7 /* TableView */,
			);
			path = Views;
			sourceTree = "<group>";
		};
		02256D571BD67C4100C473B7 /* CollectionView */ = {
			isa = PBXGroup;
			children = (
			);
			path = CollectionView;
			sourceTree = "<group>";
		};
		02256D581BD67C4100C473B7 /* Other */ = {
			isa = PBXGroup;
			children = (
			);
			path = Other;
			sourceTree = "<group>";
		};
		02256D591BD67C4100C473B7 /* TableView */ = {
			isa = PBXGroup;
			children = (
			);
			path = TableView;
			sourceTree = "<group>";
		};
		02256D5C1BD67D0F00C473B7 /* Base */ = {
			isa = PBXGroup;
			children = (
				DD28817C1BD90092009FCC28 /* MainTabBarView.xib */,
				DD28817D1BD90092009FCC28 /* MainTabBarCtrl.h */,
				DD28817E1BD90092009FCC28 /* MainTabBarCtrl.m */,
				DD2881811BD900A9009FCC28 /* CustomNavCtrl.h */,
				DD2881821BD900A9009FCC28 /* CustomNavCtrl.m */,
				02256D5D1BD67D3000C473B7 /* BaseViewCtrl.h */,
				02256D5E1BD67D3000C473B7 /* BaseViewCtrl.m */,
				DD06AA911BD904DC00EF14F1 /* BaseViewCtrl+Network.h */,
				DD06AA921BD904DC00EF14F1 /* BaseViewCtrl+Network.m */,
				DD2881761BD8FF6D009FCC28 /* BaseViewCtrl+Photo.h */,
				DD2881771BD8FF6D009FCC28 /* BaseViewCtrl+Photo.m */,
				DD2881781BD8FF6D009FCC28 /* BaseViewCtrl+Location.h */,
				DD2881791BD8FF6D009FCC28 /* BaseViewCtrl+Location.m */,
				02624BE51BE1232400FFC766 /* BaseViewCtrlNetworkDelegate.h */,
			);
			path = Base;
			sourceTree = "<group>";
		};
		5C38C66038BC1DF6270744FF /* Frameworks */ = {
			isa = PBXGroup;
			children = (
				DD06AA941BD907A400EF14F1 /* CoreFoundation.framework */,
				2A1537C9FEA3926E1FE6C649 /* libPods.a */,
			);
			name = Frameworks;
			sourceTree = "<group>";
		};
		DD043D4F1BE05A1100796312 /* One */ = {
			isa = PBXGroup;
			children = (
				DD043D521BE05A1100796312 /* OneViewCtrl.h */,
				DD043D531BE05A1100796312 /* OneViewCtrl.m */,
				DD043D501BE05A1100796312 /* OneNextViewCtrl.h */,
				DD043D511BE05A1100796312 /* OneNextViewCtrl.m */,
			);
			path = One;
			sourceTree = "<group>";
		};
		EB738CC1D0B1C10C264A534A /* Pods */ = {
			isa = PBXGroup;
			children = (
				FE9A1509C7566850631469DF /* Pods.debug.xcconfig */,
				E01C531EEAAFA5D29551B4CF /* Pods.release.xcconfig */,
			);
			name = Pods;
			sourceTree = "<group>";
		};
/* End PBXGroup section */

/* Begin PBXNativeTarget section */
		02256D0B1BD67B3500C473B7 /* PRJ_GeneralFramework_ObjC */ = {
			isa = PBXNativeTarget;
			buildConfigurationList = 02256D3C1BD67B3500C473B7 /* Build configuration list for PBXNativeTarget "PRJ_GeneralFramework_ObjC" */;
			buildPhases = (
				17F41DC18EE54DD686F24861 /* Check Pods Manifest.lock */,
				02256D081BD67B3500C473B7 /* Sources */,
				02256D091BD67B3500C473B7 /* Frameworks */,
				02256D0A1BD67B3500C473B7 /* Resources */,
				FACD25076BC3050AECD11BD5 /* Copy Pods Resources */,
			);
			buildRules = (
			);
			dependencies = (
			);
			name = PRJ_GeneralFramework_ObjC;
			productName = PRJ_GeneralFramework_ObjC;
			productReference = 02256D0C1BD67B3500C473B7 /* PRJ_GeneralFramework_ObjC.app */;
			productType = "com.apple.product-type.application";
		};
		02256D271BD67B3500C473B7 /* PRJ_GeneralFramework_ObjCTests */ = {
			isa = PBXNativeTarget;
			buildConfigurationList = 02256D3F1BD67B3500C473B7 /* Build configuration list for PBXNativeTarget "PRJ_GeneralFramework_ObjCTests" */;
			buildPhases = (
				02256D241BD67B3500C473B7 /* Sources */,
				02256D251BD67B3500C473B7 /* Frameworks */,
				02256D261BD67B3500C473B7 /* Resources */,
			);
			buildRules = (
			);
			dependencies = (
				02256D2A1BD67B3500C473B7 /* PBXTargetDependency */,
			);
			name = PRJ_GeneralFramework_ObjCTests;
			productName = PRJ_GeneralFramework_ObjCTests;
			productReference = 02256D281BD67B3500C473B7 /* PRJ_GeneralFramework_ObjCTests.xctest */;
			productType = "com.apple.product-type.bundle.unit-test";
		};
		02256D321BD67B3500C473B7 /* PRJ_GeneralFramework_ObjCUITests */ = {
			isa = PBXNativeTarget;
			buildConfigurationList = 02256D421BD67B3500C473B7 /* Build configuration list for PBXNativeTarget "PRJ_GeneralFramework_ObjCUITests" */;
			buildPhases = (
				02256D2F1BD67B3500C473B7 /* Sources */,
				02256D301BD67B3500C473B7 /* Frameworks */,
				02256D311BD67B3500C473B7 /* Resources */,
			);
			buildRules = (
			);
			dependencies = (
				02256D351BD67B3500C473B7 /* PBXTargetDependency */,
			);
			name = PRJ_GeneralFramework_ObjCUITests;
			productName = PRJ_GeneralFramework_ObjCUITests;
			productReference = 02256D331BD67B3500C473B7 /* PRJ_GeneralFramework_ObjCUITests.xctest */;
			productType = "com.apple.product-type.bundle.ui-testing";
		};
/* End PBXNativeTarget section */

/* Begin PBXProject section */
		02256D041BD67B3500C473B7 /* Project object */ = {
			isa = PBXProject;
			attributes = {
				LastUpgradeCheck = 0700;
				ORGANIZATIONNAME = C;
				TargetAttributes = {
					02256D0B1BD67B3500C473B7 = {
						CreatedOnToolsVersion = 7.0;
					};
					02256D271BD67B3500C473B7 = {
						CreatedOnToolsVersion = 7.0;
						TestTargetID = 02256D0B1BD67B3500C473B7;
					};
					02256D321BD67B3500C473B7 = {
						CreatedOnToolsVersion = 7.0;
						TestTargetID = 02256D0B1BD67B3500C473B7;
					};
				};
			};
			buildConfigurationList = 02256D071BD67B3500C473B7 /* Build configuration list for PBXProject "PRJ_GeneralFramework_ObjC" */;
			compatibilityVersion = "Xcode 3.2";
			developmentRegion = English;
			hasScannedForEncodings = 0;
			knownRegions = (
				en,
				Base,
			);
			mainGroup = 02256D031BD67B3500C473B7;
			productRefGroup = 02256D0D1BD67B3500C473B7 /* Products */;
			projectDirPath = "";
			projectRoot = "";
			targets = (
				02256D0B1BD67B3500C473B7 /* PRJ_GeneralFramework_ObjC */,
				02256D271BD67B3500C473B7 /* PRJ_GeneralFramework_ObjCTests */,
				02256D321BD67B3500C473B7 /* PRJ_GeneralFramework_ObjCUITests */,
			);
		};
/* End PBXProject section */

/* Begin PBXResourcesBuildPhase section */
		02256D0A1BD67B3500C473B7 /* Resources */ = {
			isa = PBXResourcesBuildPhase;
			buildActionMask = 2147483647;
			files = (
				DD06AAC71BD911E800EF14F1 /* IOS编码规范.doc in Resources */,
				02256D221BD67B3500C473B7 /* LaunchScreen.storyboard in Resources */,
				02256D1F1BD67B3500C473B7 /* Assets.xcassets in Resources */,
				DD2881711BD8FE4E009FCC28 /* Media.xcassets in Resources */,
				DD28817F1BD90092009FCC28 /* MainTabBarView.xib in Resources */,
				02256D1A1BD67B3500C473B7 /* Main.storyboard in Resources */,
			);
			runOnlyForDeploymentPostprocessing = 0;
		};
		02256D261BD67B3500C473B7 /* Resources */ = {
			isa = PBXResourcesBuildPhase;
			buildActionMask = 2147483647;
			files = (
			);
			runOnlyForDeploymentPostprocessing = 0;
		};
		02256D311BD67B3500C473B7 /* Resources */ = {
			isa = PBXResourcesBuildPhase;
			buildActionMask = 2147483647;
			files = (
			);
			runOnlyForDeploymentPostprocessing = 0;
		};
/* End PBXResourcesBuildPhase section */

/* Begin PBXShellScriptBuildPhase section */
		17F41DC18EE54DD686F24861 /* Check Pods Manifest.lock */ = {
			isa = PBXShellScriptBuildPhase;
			buildActionMask = 2147483647;
			files = (
			);
			inputPaths = (
			);
			name = "Check Pods Manifest.lock";
			outputPaths = (
			);
			runOnlyForDeploymentPostprocessing = 0;
			shellPath = /bin/sh;
			shellScript = "diff \"${PODS_ROOT}/../Podfile.lock\" \"${PODS_ROOT}/Manifest.lock\" > /dev/null\nif [[ $? != 0 ]] ; then\n    cat << EOM\nerror: The sandbox is not in sync with the Podfile.lock. Run 'pod install' or update your CocoaPods installation.\nEOM\n    exit 1\nfi\n";
			showEnvVarsInLog = 0;
		};
		FACD25076BC3050AECD11BD5 /* Copy Pods Resources */ = {
			isa = PBXShellScriptBuildPhase;
			buildActionMask = 2147483647;
			files = (
			);
			inputPaths = (
			);
			name = "Copy Pods Resources";
			outputPaths = (
			);
			runOnlyForDeploymentPostprocessing = 0;
			shellPath = /bin/sh;
			shellScript = "\"${SRCROOT}/Pods/Target Support Files/Pods/Pods-resources.sh\"\n";
			showEnvVarsInLog = 0;
		};
/* End PBXShellScriptBuildPhase section */

/* Begin PBXSourcesBuildPhase section */
		02256D081BD67B3500C473B7 /* Sources */ = {
			isa = PBXSourcesBuildPhase;
			buildActionMask = 2147483647;
			files = (
				DD06AAC21BD90A6C00EF14F1 /* UIViewController+Category.m in Sources */,
				DD06AAC41BD90A6C00EF14F1 /* UIButton+Category.m in Sources */,
				DD06AAC51BD90A6C00EF14F1 /* UIImage+Category.m in Sources */,
				DD2881801BD90092009FCC28 /* MainTabBarCtrl.m in Sources */,
				02256D171BD67B3500C473B7 /* ViewController.m in Sources */,
				DD28817B1BD8FF6D009FCC28 /* BaseViewCtrl+Location.m in Sources */,
				DD2881741BD8FED9009FCC28 /* HttpRequest.m in Sources */,
				02256D141BD67B3500C473B7 /* AppDelegate.m in Sources */,
				02256D5F1BD67D3000C473B7 /* BaseViewCtrl.m in Sources */,
				DD043D551BE05A1100796312 /* OneViewCtrl.m in Sources */,
				DD28817A1BD8FF6D009FCC28 /* BaseViewCtrl+Photo.m in Sources */,
				DD06AA931BD904DC00EF14F1 /* BaseViewCtrl+Network.m in Sources */,
				02256D1D1BD67B3500C473B7 /* PRJ_GeneralFramework_ObjC.xcdatamodeld in Sources */,
				02256D111BD67B3500C473B7 /* main.m in Sources */,
				DD043D541BE05A1100796312 /* OneNextViewCtrl.m in Sources */,
				DD06AAC31BD90A6C00EF14F1 /* NSString+Category.m in Sources */,
				DD2881831BD900A9009FCC28 /* CustomNavCtrl.m in Sources */,
			);
			runOnlyForDeploymentPostprocessing = 0;
		};
		02256D241BD67B3500C473B7 /* Sources */ = {
			isa = PBXSourcesBuildPhase;
			buildActionMask = 2147483647;
			files = (
				02256D2D1BD67B3500C473B7 /* PRJ_GeneralFramework_ObjCTests.m in Sources */,
			);
			runOnlyForDeploymentPostprocessing = 0;
		};
		02256D2F1BD67B3500C473B7 /* Sources */ = {
			isa = PBXSourcesBuildPhase;
			buildActionMask = 2147483647;
			files = (
				02256D381BD67B3500C473B7 /* PRJ_GeneralFramework_ObjCUITests.m in Sources */,
			);
			runOnlyForDeploymentPostprocessing = 0;
		};
/* End PBXSourcesBuildPhase section */

/* Begin PBXTargetDependency section */
		02256D2A1BD67B3500C473B7 /* PBXTargetDependency */ = {
			isa = PBXTargetDependency;
			target = 02256D0B1BD67B3500C473B7 /* PRJ_GeneralFramework_ObjC */;
			targetProxy = 02256D291BD67B3500C473B7 /* PBXContainerItemProxy */;
		};
		02256D351BD67B3500C473B7 /* PBXTargetDependency */ = {
			isa = PBXTargetDependency;
			target = 02256D0B1BD67B3500C473B7 /* PRJ_GeneralFramework_ObjC */;
			targetProxy = 02256D341BD67B3500C473B7 /* PBXContainerItemProxy */;
		};
/* End PBXTargetDependency section */

/* Begin PBXVariantGroup section */
		02256D181BD67B3500C473B7 /* Main.storyboard */ = {
			isa = PBXVariantGroup;
			children = (
				02256D191BD67B3500C473B7 /* Base */,
			);
			name = Main.storyboard;
			sourceTree = "<group>";
		};
		02256D201BD67B3500C473B7 /* LaunchScreen.storyboard */ = {
			isa = PBXVariantGroup;
			children = (
				02256D211BD67B3500C473B7 /* Base */,
			);
			name = LaunchScreen.storyboard;
			sourceTree = "<group>";
		};
/* End PBXVariantGroup section */

/* Begin XCBuildConfiguration section */
		02256D3A1BD67B3500C473B7 /* Debug */ = {
			isa = XCBuildConfiguration;
			buildSettings = {
				ALWAYS_SEARCH_USER_PATHS = NO;
				CLANG_CXX_LANGUAGE_STANDARD = "gnu++0x";
				CLANG_CXX_LIBRARY = "libc++";
				CLANG_ENABLE_MODULES = YES;
				CLANG_ENABLE_OBJC_ARC = YES;
				CLANG_WARN_BOOL_CONVERSION = YES;
				CLANG_WARN_CONSTANT_CONVERSION = YES;
				CLANG_WARN_DIRECT_OBJC_ISA_USAGE = YES_ERROR;
				CLANG_WARN_EMPTY_BODY = YES;
				CLANG_WARN_ENUM_CONVERSION = YES;
				CLANG_WARN_INT_CONVERSION = YES;
				CLANG_WARN_OBJC_ROOT_CLASS = YES_ERROR;
				CLANG_WARN_UNREACHABLE_CODE = YES;
				CLANG_WARN__DUPLICATE_METHOD_MATCH = YES;
				"CODE_SIGN_IDENTITY[sdk=iphoneos*]" = "iPhone Developer";
				COPY_PHASE_STRIP = NO;
				DEBUG_INFORMATION_FORMAT = dwarf;
				ENABLE_STRICT_OBJC_MSGSEND = YES;
				ENABLE_TESTABILITY = YES;
				GCC_C_LANGUAGE_STANDARD = gnu99;
				GCC_DYNAMIC_NO_PIC = NO;
				GCC_NO_COMMON_BLOCKS = YES;
				GCC_OPTIMIZATION_LEVEL = 0;
				GCC_PREPROCESSOR_DEFINITIONS = (
					"DEBUG=1",
					"$(inherited)",
				);
				GCC_WARN_64_TO_32_BIT_CONVERSION = YES;
				GCC_WARN_ABOUT_RETURN_TYPE = YES_ERROR;
				GCC_WARN_UNDECLARED_SELECTOR = YES;
				GCC_WARN_UNINITIALIZED_AUTOS = YES_AGGRESSIVE;
				GCC_WARN_UNUSED_FUNCTION = YES;
				GCC_WARN_UNUSED_VARIABLE = YES;
				IPHONEOS_DEPLOYMENT_TARGET = 9.0;
				MTL_ENABLE_DEBUG_INFO = YES;
				ONLY_ACTIVE_ARCH = YES;
				SDKROOT = iphoneos;
			};
			name = Debug;
		};
		02256D3B1BD67B3500C473B7 /* Release */ = {
			isa = XCBuildConfiguration;
			buildSettings = {
				ALWAYS_SEARCH_USER_PATHS = NO;
				CLANG_CXX_LANGUAGE_STANDARD = "gnu++0x";
				CLANG_CXX_LIBRARY = "libc++";
				CLANG_ENABLE_MODULES = YES;
				CLANG_ENABLE_OBJC_ARC = YES;
				CLANG_WARN_BOOL_CONVERSION = YES;
				CLANG_WARN_CONSTANT_CONVERSION = YES;
				CLANG_WARN_DIRECT_OBJC_ISA_USAGE = YES_ERROR;
				CLANG_WARN_EMPTY_BODY = YES;
				CLANG_WARN_ENUM_CONVERSION = YES;
				CLANG_WARN_INT_CONVERSION = YES;
				CLANG_WARN_OBJC_ROOT_CLASS = YES_ERROR;
				CLANG_WARN_UNREACHABLE_CODE = YES;
				CLANG_WARN__DUPLICATE_METHOD_MATCH = YES;
				"CODE_SIGN_IDENTITY[sdk=iphoneos*]" = "iPhone Developer";
				COPY_PHASE_STRIP = NO;
				DEBUG_INFORMATION_FORMAT = "dwarf-with-dsym";
				ENABLE_NS_ASSERTIONS = NO;
				ENABLE_STRICT_OBJC_MSGSEND = YES;
				GCC_C_LANGUAGE_STANDARD = gnu99;
				GCC_NO_COMMON_BLOCKS = YES;
				GCC_WARN_64_TO_32_BIT_CONVERSION = YES;
				GCC_WARN_ABOUT_RETURN_TYPE = YES_ERROR;
				GCC_WARN_UNDECLARED_SELECTOR = YES;
				GCC_WARN_UNINITIALIZED_AUTOS = YES_AGGRESSIVE;
				GCC_WARN_UNUSED_FUNCTION = YES;
				GCC_WARN_UNUSED_VARIABLE = YES;
				IPHONEOS_DEPLOYMENT_TARGET = 9.0;
				MTL_ENABLE_DEBUG_INFO = NO;
				SDKROOT = iphoneos;
				VALIDATE_PRODUCT = YES;
			};
			name = Release;
		};
		02256D3D1BD67B3500C473B7 /* Debug */ = {
			isa = XCBuildConfiguration;
			baseConfigurationReference = FE9A1509C7566850631469DF /* Pods.debug.xcconfig */;
			buildSettings = {
				ASSETCATALOG_COMPILER_APPICON_NAME = AppIcon;
				INFOPLIST_FILE = PRJ_GeneralFramework_ObjC/Info.plist;
				IPHONEOS_DEPLOYMENT_TARGET = 8.0;
				LD_RUNPATH_SEARCH_PATHS = "$(inherited) @executable_path/Frameworks";
				PRODUCT_BUNDLE_IDENTIFIER = "com.C.-PRJ-GeneralFramework-ObjC.PRJ-GeneralFramework-ObjC";
				PRODUCT_NAME = "$(TARGET_NAME)";
			};
			name = Debug;
		};
		02256D3E1BD67B3500C473B7 /* Release */ = {
			isa = XCBuildConfiguration;
			baseConfigurationReference = E01C531EEAAFA5D29551B4CF /* Pods.release.xcconfig */;
			buildSettings = {
				ASSETCATALOG_COMPILER_APPICON_NAME = AppIcon;
				INFOPLIST_FILE = PRJ_GeneralFramework_ObjC/Info.plist;
				IPHONEOS_DEPLOYMENT_TARGET = 8.0;
				LD_RUNPATH_SEARCH_PATHS = "$(inherited) @executable_path/Frameworks";
				PRODUCT_BUNDLE_IDENTIFIER = "com.C.-PRJ-GeneralFramework-ObjC.PRJ-GeneralFramework-ObjC";
				PRODUCT_NAME = "$(TARGET_NAME)";
			};
			name = Release;
		};
		02256D401BD67B3500C473B7 /* Debug */ = {
			isa = XCBuildConfiguration;
			buildSettings = {
				BUNDLE_LOADER = "$(TEST_HOST)";
				INFOPLIST_FILE = PRJ_GeneralFramework_ObjCTests/Info.plist;
				LD_RUNPATH_SEARCH_PATHS = "$(inherited) @executable_path/Frameworks @loader_path/Frameworks";
				PRODUCT_BUNDLE_IDENTIFIER = "com.C.-PRJ-GeneralFramework-ObjC.PRJ-GeneralFramework-ObjCTests";
				PRODUCT_NAME = "$(TARGET_NAME)";
				TEST_HOST = "$(BUILT_PRODUCTS_DIR)/PRJ_GeneralFramework_ObjC.app/PRJ_GeneralFramework_ObjC";
			};
			name = Debug;
		};
		02256D411BD67B3500C473B7 /* Release */ = {
			isa = XCBuildConfiguration;
			buildSettings = {
				BUNDLE_LOADER = "$(TEST_HOST)";
				INFOPLIST_FILE = PRJ_GeneralFramework_ObjCTests/Info.plist;
				LD_RUNPATH_SEARCH_PATHS = "$(inherited) @executable_path/Frameworks @loader_path/Frameworks";
				PRODUCT_BUNDLE_IDENTIFIER = "com.C.-PRJ-GeneralFramework-ObjC.PRJ-GeneralFramework-ObjCTests";
				PRODUCT_NAME = "$(TARGET_NAME)";
				TEST_HOST = "$(BUILT_PRODUCTS_DIR)/PRJ_GeneralFramework_ObjC.app/PRJ_GeneralFramework_ObjC";
			};
			name = Release;
		};
		02256D431BD67B3500C473B7 /* Debug */ = {
			isa = XCBuildConfiguration;
			buildSettings = {
				INFOPLIST_FILE = PRJ_GeneralFramework_ObjCUITests/Info.plist;
				LD_RUNPATH_SEARCH_PATHS = "$(inherited) @executable_path/Frameworks @loader_path/Frameworks";
				PRODUCT_BUNDLE_IDENTIFIER = "com.C.-PRJ-GeneralFramework-ObjC.PRJ-GeneralFramework-ObjCUITests";
				PRODUCT_NAME = "$(TARGET_NAME)";
				TEST_TARGET_NAME = PRJ_GeneralFramework_ObjC;
				USES_XCTRUNNER = YES;
			};
			name = Debug;
		};
		02256D441BD67B3500C473B7 /* Release */ = {
			isa = XCBuildConfiguration;
			buildSettings = {
				INFOPLIST_FILE = PRJ_GeneralFramework_ObjCUITests/Info.plist;
				LD_RUNPATH_SEARCH_PATHS = "$(inherited) @executable_path/Frameworks @loader_path/Frameworks";
				PRODUCT_BUNDLE_IDENTIFIER = "com.C.-PRJ-GeneralFramework-ObjC.PRJ-GeneralFramework-ObjCUITests";
				PRODUCT_NAME = "$(TARGET_NAME)";
				TEST_TARGET_NAME = PRJ_GeneralFramework_ObjC;
				USES_XCTRUNNER = YES;
			};
			name = Release;
		};
/* End XCBuildConfiguration section */

/* Begin XCConfigurationList section */
		02256D071BD67B3500C473B7 /* Build configuration list for PBXProject "PRJ_GeneralFramework_ObjC" */ = {
			isa = XCConfigurationList;
			buildConfigurations = (
				02256D3A1BD67B3500C473B7 /* Debug */,
				02256D3B1BD67B3500C473B7 /* Release */,
			);
			defaultConfigurationIsVisible = 0;
			defaultConfigurationName = Release;
		};
		02256D3C1BD67B3500C473B7 /* Build configuration list for PBXNativeTarget "PRJ_GeneralFramework_ObjC" */ = {
			isa = XCConfigurationList;
			buildConfigurations = (
				02256D3D1BD67B3500C473B7 /* Debug */,
				02256D3E1BD67B3500C473B7 /* Release */,
			);
			defaultConfigurationIsVisible = 0;
			defaultConfigurationName = Release;
		};
		02256D3F1BD67B3500C473B7 /* Build configuration list for PBXNativeTarget "PRJ_GeneralFramework_ObjCTests" */ = {
			isa = XCConfigurationList;
			buildConfigurations = (
				02256D401BD67B3500C473B7 /* Debug */,
				02256D411BD67B3500C473B7 /* Release */,
			);
			defaultConfigurationIsVisible = 0;
			defaultConfigurationName = Release;
		};
		02256D421BD67B3500C473B7 /* Build configuration list for PBXNativeTarget "PRJ_GeneralFramework_ObjCUITests" */ = {
			isa = XCConfigurationList;
			buildConfigurations = (
				02256D431BD67B3500C473B7 /* Debug */,
				02256D441BD67B3500C473B7 /* Release */,
			);
			defaultConfigurationIsVisible = 0;
			defaultConfigurationName = Release;
		};
/* End XCConfigurationList section */

/* Begin XCVersionGroup section */
		02256D1B1BD67B3500C473B7 /* PRJ_GeneralFramework_ObjC.xcdatamodeld */ = {
			isa = XCVersionGroup;
			children = (
				02256D1C1BD67B3500C473B7 /* PRJ_GeneralFramework_ObjC.xcdatamodel */,
			);
			currentVersion = 02256D1C1BD67B3500C473B7 /* PRJ_GeneralFramework_ObjC.xcdatamodel */;
			path = PRJ_GeneralFramework_ObjC.xcdatamodeld;
			sourceTree = "<group>";
			versionGroupType = wrapper.xcdatamodel;
		};
/* End XCVersionGroup section */
	};
	rootObject = 02256D041BD67B3500C473B7 /* Project object */;
}
