// !$*UTF8*$!
{
	archiveVersion = 1;
	classes = {
	};
	objectVersion = 46;
	objects = {

/* Begin PBXBuildFile section */
		02256D111BD67B3500C473B7 /* main.m in Sources */ = {isa = PBXBuildFile; fileRef = 02256D101BD67B3500C473B7 /* main.m */; };
		02256D141BD67B3500C473B7 /* AppDelegate.m in Sources */ = {isa = PBXBuildFile; fileRef = 02256D131BD67B3500C473B7 /* AppDelegate.m */; };
		02256D171BD67B3500C473B7 /* ViewController.m in Sources */ = {isa = PBXBuildFile; fileRef = 02256D161BD67B3500C473B7 /* ViewController.m */; };
		02256D1A1BD67B3500C473B7 /* Main.storyboard in Resources */ = {isa = PBXBuildFile; fileRef = 02256D181BD67B3500C473B7 /* Main.storyboard */; };
		02256D1D1BD67B3500C473B7 /* PRJ_GeneralFramework_ObjC.xcdatamodeld in Sources */ = {isa = PBXBuildFile; fileRef = 02256D1B1BD67B3500C473B7 /* PRJ_GeneralFramework_ObjC.xcdatamodeld */; };
		02256D1F1BD67B3500C473B7 /* Assets.xcassets in Resources */ = {isa = PBXBuildFile; fileRef = 02256D1E1BD67B3500C473B7 /* Assets.xcassets */; };
		02256D221BD67B3500C473B7 /* LaunchScreen.storyboard in Resources */ = {isa = PBXBuildFile; fileRef = 02256D201BD67B3500C473B7 /* LaunchScreen.storyboard */; };
		02256D2D1BD67B3500C473B7 /* PRJ_GeneralFramework_ObjCTests.m in Sources */ = {isa = PBXBuildFile; fileRef = 02256D2C1BD67B3500C473B7 /* PRJ_GeneralFramework_ObjCTests.m */; };
		02256D381BD67B3500C473B7 /* PRJ_GeneralFramework_ObjCUITests.m in Sources */ = {isa = PBXBuildFile; fileRef = 02256D371BD67B3500C473B7 /* PRJ_GeneralFramework_ObjCUITests.m */; };
/* End PBXBuildFile section */

/* Begin PBXContainerItemProxy section */
		02256D291BD67B3500C473B7 /* PBXContainerItemProxy */ = {
			isa = PBXContainerItemProxy;
			containerPortal = 02256D041BD67B3500C473B7 /* Project object */;
			proxyType = 1;
			remoteGlobalIDString = 02256D0B1BD67B3500C473B7;
			remoteInfo = PRJ_GeneralFramework_ObjC;
		};
		02256D341BD67B3500C473B7 /* PBXContainerItemProxy */ = {
			isa = PBXContainerItemProxy;
			containerPortal = 02256D041BD67B3500C473B7 /* Project object */;
			proxyType = 1;
			remoteGlobalIDString = 02256D0B1BD67B3500C473B7;
			remoteInfo = PRJ_GeneralFramework_ObjC;
		};
/* End PBXContainerItemProxy section */

/* Begin PBXFileReference section */
		02256D0C1BD67B3500C473B7 /* PRJ_GeneralFramework_ObjC.app */ = {isa = PBXFileReference; explicitFileType = wrapper.application; includeInIndex = 0; path = PRJ_GeneralFramework_ObjC.app; sourceTree = BUILT_PRODUCTS_DIR; };
		02256D101BD67B3500C473B7 /* main.m */ = {isa = PBXFileReference; lastKnownFileType = sourcecode.c.objc; path = main.m; sourceTree = "<group>"; };
		02256D121BD67B3500C473B7 /* AppDelegate.h */ = {isa = PBXFileReference; lastKnownFileType = sourcecode.c.h; path = AppDelegate.h; sourceTree = "<group>"; };
		02256D131BD67B3500C473B7 /* AppDelegate.m */ = {isa = PBXFileReference; lastKnownFileType = sourcecode.c.objc; path = AppDelegate.m; sourceTree = "<group>"; };
		02256D151BD67B3500C473B7 /* ViewController.h */ = {isa = PBXFileReference; lastKnownFileType = sourcecode.c.h; path = ViewController.h; sourceTree = "<group>"; };
		02256D161BD67B3500C473B7 /* ViewController.m */ = {isa = PBXFileReference; lastKnownFileType = sourcecode.c.objc; path = ViewController.m; sourceTree = "<group>"; };
		02256D191BD67B3500C473B7 /* Base */ = {isa = PBXFileReference; lastKnownFileType = file.storyboard; name = Base; path = Base.lproj/Main.storyboard; sourceTree = "<group>"; };
		02256D1C1BD67B3500C473B7 /* PRJ_GeneralFramework_ObjC.xcdatamodel */ = {isa = PBXFileReference; lastKnownFileType = wrapper.xcdatamodel; path = PRJ_GeneralFramework_ObjC.xcdatamodel; sourceTree = "<group>"; };
		02256D1E1BD67B3500C473B7 /* Assets.xcassets */ = {isa = PBXFileReference; lastKnownFileType = folder.assetcatalog; path = Assets.xcassets; sourceTree = "<group>"; };
		02256D211BD67B3500C473B7 /* Base */ = {isa = PBXFileReference; lastKnownFileType = file.storyboard; name = Base; path = Base.lproj/LaunchScreen.storyboard; sourceTree = "<group>"; };
		02256D231BD67B3500C473B7 /* Info.plist */ = {isa = PBXFileReference; lastKnownFileType = text.plist.xml; path = Info.plist; sourceTree = "<group>"; };
		02256D281BD67B3500C473B7 /* PRJ_GeneralFramework_ObjCTests.xctest */ = {isa = PBXFileReference; explicitFileType = wrapper.cfbundle; includeInIndex = 0; path = PRJ_GeneralFramework_ObjCTests.xctest; sourceTree = BUILT_PRODUCTS_DIR; };
		02256D2C1BD67B3500C473B7 /* PRJ_GeneralFramework_ObjCTests.m */ = {isa = PBXFileReference; lastKnownFileType = sourcecode.c.objc; path = PRJ_GeneralFramework_ObjCTests.m; sourceTree = "<group>"; };
		02256D2E1BD67B3500C473B7 /* Info.plist */ = {isa = PBXFileReference; lastKnownFileType = text.plist.xml; path = Info.plist; sourceTree = "<group>"; };
		02256D331BD67B3500C473B7 /* PRJ_GeneralFramework_ObjCUITests.xctest */ = {isa = PBXFileReference; explicitFileType = wrapper.cfbundle; includeInIndex = 0; path = PRJ_GeneralFramework_ObjCUITests.xctest; sourceTree = BUILT_PRODUCTS_DIR; };
		02256D371BD67B3500C473B7 /* PRJ_GeneralFramework_ObjCUITests.m */ = {isa = PBXFileReference; lastKnownFileType = sourcecode.c.objc; path = PRJ_GeneralFramework_ObjCUITests.m; sourceTree = "<group>"; };
		02256D391BD67B3500C473B7 /* Info.plist */ = {isa = PBXFileReference; lastKnownFileType = text.plist.xml; path = Info.plist; sourceTree = "<group>"; };
/* End PBXFileReference section */

/* Begin PBXFrameworksBuildPhase section */
		02256D091BD67B3500C473B7 /* Frameworks */ = {
			isa = PBXFrameworksBuildPhase;
			buildActionMask = 2147483647;
			files = (
			);
			runOnlyForDeploymentPostprocessing = 0;
		};
		02256D251BD67B3500C473B7 /* Frameworks */ = {
			isa = PBXFrameworksBuildPhase;
			buildActionMask = 2147483647;
			files = (
			);
			runOnlyForDeploymentPostprocessing = 0;
		};
		02256D301BD67B3500C473B7 /* Frameworks */ = {
			isa = PBXFrameworksBuildPhase;
			buildActionMask = 2147483647;
			files = (
			);
			runOnlyForDeploymentPostprocessing = 0;
		};
/* End PBXFrameworksBuildPhase section */

/* Begin PBXGroup section */
		02256D031BD67B3500C473B7 = {
			isa = PBXGroup;
			children = (
				02256D0E1BD67B3500C473B7 /* PRJ_GeneralFramework_ObjC */,
				02256D2B1BD67B3500C473B7 /* PRJ_GeneralFramework_ObjCTests */,
				02256D361BD67B3500C473B7 /* PRJ_GeneralFramework_ObjCUITests */,
				02256D0D1BD67B3500C473B7 /* Products */,
			);
			sourceTree = "<group>";
		};
		02256D0D1BD67B3500C473B7 /* Products */ = {
			isa = PBXGroup;
			children = (
				02256D0C1BD67B3500C473B7 /* PRJ_GeneralFramework_ObjC.app */,
				02256D281BD67B3500C473B7 /* PRJ_GeneralFramework_ObjCTests.xctest */,
				02256D331BD67B3500C473B7 /* PRJ_GeneralFramework_ObjCUITests.xctest */,
			);
			name = Products;
			sourceTree = "<group>";
		};
		02256D0E1BD67B3500C473B7 /* PRJ_GeneralFramework_ObjC */ = {
			isa = PBXGroup;
			children = (
				02256D121BD67B3500C473B7 /* AppDelegate.h */,
				02256D131BD67B3500C473B7 /* AppDelegate.m */,
				02256D151BD67B3500C473B7 /* ViewController.h */,
				02256D161BD67B3500C473B7 /* ViewController.m */,
				02256D181BD67B3500C473B7 /* Main.storyboard */,
				02256D1E1BD67B3500C473B7 /* Assets.xcassets */,
				02256D201BD67B3500C473B7 /* LaunchScreen.storyboard */,
				02256D231BD67B3500C473B7 /* Info.plist */,
				02256D1B1BD67B3500C473B7 /* PRJ_GeneralFramework_ObjC.xcdatamodeld */,
				02256D0F1BD67B3500C473B7 /* Supporting Files */,
			);
			path = PRJ_GeneralFramework_ObjC;
			sourceTree = "<group>";
		};
		02256D0F1BD67B3500C473B7 /* Supporting Files */ = {
			isa = PBXGroup;
			children = (
				02256D101BD67B3500C473B7 /* main.m */,
			);
			name = "Supporting Files";
			sourceTree = "<group>";
		};
		02256D2B1BD67B3500C473B7 /* PRJ_GeneralFramework_ObjCTests */ = {
			isa = PBXGroup;
			children = (
				02256D2C1BD67B3500C473B7 /* PRJ_GeneralFramework_ObjCTests.m */,
				02256D2E1BD67B3500C473B7 /* Info.plist */,
			);
			path = PRJ_GeneralFramework_ObjCTests;
			sourceTree = "<group>";
		};
		02256D361BD67B3500C473B7 /* PRJ_GeneralFramework_ObjCUITests */ = {
			isa = PBXGroup;
			children = (
				02256D371BD67B3500C473B7 /* PRJ_GeneralFramework_ObjCUITests.m */,
				02256D391BD67B3500C473B7 /* Info.plist */,
			);
			path = PRJ_GeneralFramework_ObjCUITests;
			sourceTree = "<group>";
		};
/* End PBXGroup section */

/* Begin PBXNativeTarget section */
		02256D0B1BD67B3500C473B7 /* PRJ_GeneralFramework_ObjC */ = {
			isa = PBXNativeTarget;
			buildConfigurationList = 02256D3C1BD67B3500C473B7 /* Build configuration list for PBXNativeTarget "PRJ_GeneralFramework_ObjC" */;
			buildPhases = (
				02256D081BD67B3500C473B7 /* Sources */,
				02256D091BD67B3500C473B7 /* Frameworks */,
				02256D0A1BD67B3500C473B7 /* Resources */,
			);
			buildRules = (
			);
			dependencies = (
			);
			name = PRJ_GeneralFramework_ObjC;
			productName = PRJ_GeneralFramework_ObjC;
			productReference = 02256D0C1BD67B3500C473B7 /* PRJ_GeneralFramework_ObjC.app */;
			productType = "com.apple.product-type.application";
		};
		02256D271BD67B3500C473B7 /* PRJ_GeneralFramework_ObjCTests */ = {
			isa = PBXNativeTarget;
			buildConfigurationList = 02256D3F1BD67B3500C473B7 /* Build configuration list for PBXNativeTarget "PRJ_GeneralFramework_ObjCTests" */;
			buildPhases = (
				02256D241BD67B3500C473B7 /* Sources */,
				02256D251BD67B3500C473B7 /* Frameworks */,
				02256D261BD67B3500C473B7 /* Resources */,
			);
			buildRules = (
			);
			dependencies = (
				02256D2A1BD67B3500C473B7 /* PBXTargetDependency */,
			);
			name = PRJ_GeneralFramework_ObjCTests;
			productName = PRJ_GeneralFramework_ObjCTests;
			productReference = 02256D281BD67B3500C473B7 /* PRJ_GeneralFramework_ObjCTests.xctest */;
			productType = "com.apple.product-type.bundle.unit-test";
		};
		02256D321BD67B3500C473B7 /* PRJ_GeneralFramework_ObjCUITests */ = {
			isa = PBXNativeTarget;
			buildConfigurationList = 02256D421BD67B3500C473B7 /* Build configuration list for PBXNativeTarget "PRJ_GeneralFramework_ObjCUITests" */;
			buildPhases = (
				02256D2F1BD67B3500C473B7 /* Sources */,
				02256D301BD67B3500C473B7 /* Frameworks */,
				02256D311BD67B3500C473B7 /* Resources */,
			);
			buildRules = (
			);
			dependencies = (
				02256D351BD67B3500C473B7 /* PBXTargetDependency */,
			);
			name = PRJ_GeneralFramework_ObjCUITests;
			productName = PRJ_GeneralFramework_ObjCUITests;
			productReference = 02256D331BD67B3500C473B7 /* PRJ_GeneralFramework_ObjCUITests.xctest */;
			productType = "com.apple.product-type.bundle.ui-testing";
		};
/* End PBXNativeTarget section */

/* Begin PBXProject section */
		02256D041BD67B3500C473B7 /* Project object */ = {
			isa = PBXProject;
			attributes = {
				LastUpgradeCheck = 0700;
				ORGANIZATIONNAME = C;
				TargetAttributes = {
					02256D0B1BD67B3500C473B7 = {
						CreatedOnToolsVersion = 7.0;
					};
					02256D271BD67B3500C473B7 = {
						CreatedOnToolsVersion = 7.0;
						TestTargetID = 02256D0B1BD67B3500C473B7;
					};
					02256D321BD67B3500C473B7 = {
						CreatedOnToolsVersion = 7.0;
						TestTargetID = 02256D0B1BD67B3500C473B7;
					};
				};
			};
			buildConfigurationList = 02256D071BD67B3500C473B7 /* Build configuration list for PBXProject "PRJ_GeneralFramework_ObjC" */;
			compatibilityVersion = "Xcode 3.2";
			developmentRegion = English;
			hasScannedForEncodings = 0;
			knownRegions = (
				en,
				Base,
			);
			mainGroup = 02256D031BD67B3500C473B7;
			productRefGroup = 02256D0D1BD67B3500C473B7 /* Products */;
			projectDirPath = "";
			projectRoot = "";
			targets = (
				02256D0B1BD67B3500C473B7 /* PRJ_GeneralFramework_ObjC */,
				02256D271BD67B3500C473B7 /* PRJ_GeneralFramework_ObjCTests */,
				02256D321BD67B3500C473B7 /* PRJ_GeneralFramework_ObjCUITests */,
			);
		};
/* End PBXProject section */

/* Begin PBXResourcesBuildPhase section */
		02256D0A1BD67B3500C473B7 /* Resources */ = {
			isa = PBXResourcesBuildPhase;
			buildActionMask = 2147483647;
			files = (
				02256D221BD67B3500C473B7 /* LaunchScreen.storyboard in Resources */,
				02256D1F1BD67B3500C473B7 /* Assets.xcassets in Resources */,
				02256D1A1BD67B3500C473B7 /* Main.storyboard in Resources */,
			);
			runOnlyForDeploymentPostprocessing = 0;
		};
		02256D261BD67B3500C473B7 /* Resources */ = {
			isa = PBXResourcesBuildPhase;
			buildActionMask = 2147483647;
			files = (
			);
			runOnlyForDeploymentPostprocessing = 0;
		};
		02256D311BD67B3500C473B7 /* Resources */ = {
			isa = PBXResourcesBuildPhase;
			buildActionMask = 2147483647;
			files = (
			);
			runOnlyForDeploymentPostprocessing = 0;
		};
/* End PBXResourcesBuildPhase section */

/* Begin PBXSourcesBuildPhase section */
		02256D081BD67B3500C473B7 /* Sources */ = {
			isa = PBXSourcesBuildPhase;
			buildActionMask = 2147483647;
			files = (
				02256D171BD67B3500C473B7 /* ViewController.m in Sources */,
				02256D141BD67B3500C473B7 /* AppDelegate.m in Sources */,
				02256D1D1BD67B3500C473B7 /* PRJ_GeneralFramework_ObjC.xcdatamodeld in Sources */,
				02256D111BD67B3500C473B7 /* main.m in Sources */,
			);
			runOnlyForDeploymentPostprocessing = 0;
		};
		02256D241BD67B3500C473B7 /* Sources */ = {
			isa = PBXSourcesBuildPhase;
			buildActionMask = 2147483647;
			files = (
				02256D2D1BD67B3500C473B7 /* PRJ_GeneralFramework_ObjCTests.m in Sources */,
			);
			runOnlyForDeploymentPostprocessing = 0;
		};
		02256D2F1BD67B3500C473B7 /* Sources */ = {
			isa = PBXSourcesBuildPhase;
			buildActionMask = 2147483647;
			files = (
				02256D381BD67B3500C473B7 /* PRJ_GeneralFramework_ObjCUITests.m in Sources */,
			);
			runOnlyForDeploymentPostprocessing = 0;
		};
/* End PBXSourcesBuildPhase section */

/* Begin PBXTargetDependency section */
		02256D2A1BD67B3500C473B7 /* PBXTargetDependency */ = {
			isa = PBXTargetDependency;
			target = 02256D0B1BD67B3500C473B7 /* PRJ_GeneralFramework_ObjC */;
			targetProxy = 02256D291BD67B3500C473B7 /* PBXContainerItemProxy */;
		};
		02256D351BD67B3500C473B7 /* PBXTargetDependency */ = {
			isa = PBXTargetDependency;
			target = 02256D0B1BD67B3500C473B7 /* PRJ_GeneralFramework_ObjC */;
			targetProxy = 02256D341BD67B3500C473B7 /* PBXContainerItemProxy */;
		};
/* End PBXTargetDependency section */

/* Begin PBXVariantGroup section */
		02256D181BD67B3500C473B7 /* Main.storyboard */ = {
			isa = PBXVariantGroup;
			children = (
				02256D191BD67B3500C473B7 /* Base */,
			);
			name = Main.storyboard;
			sourceTree = "<group>";
		};
		02256D201BD67B3500C473B7 /* LaunchScreen.storyboard */ = {
			isa = PBXVariantGroup;
			children = (
				02256D211BD67B3500C473B7 /* Base */,
			);
			name = LaunchScreen.storyboard;
			sourceTree = "<group>";
		};
/* End PBXVariantGroup section */

/* Begin XCBuildConfiguration section */
		02256D3A1BD67B3500C473B7 /* Debug */ = {
			isa = XCBuildConfiguration;
			buildSettings = {
				ALWAYS_SEARCH_USER_PATHS = NO;
				CLANG_CXX_LANGUAGE_STANDARD = "gnu++0x";
				CLANG_CXX_LIBRARY = "libc++";
				CLANG_ENABLE_MODULES = YES;
				CLANG_ENABLE_OBJC_ARC = YES;
				CLANG_WARN_BOOL_CONVERSION = YES;
				CLANG_WARN_CONSTANT_CONVERSION = YES;
				CLANG_WARN_DIRECT_OBJC_ISA_USAGE = YES_ERROR;
				CLANG_WARN_EMPTY_BODY = YES;
				CLANG_WARN_ENUM_CONVERSION = YES;
				CLANG_WARN_INT_CONVERSION = YES;
				CLANG_WARN_OBJC_ROOT_CLASS = YES_ERROR;
				CLANG_WARN_UNREACHABLE_CODE = YES;
				CLANG_WARN__DUPLICATE_METHOD_MATCH = YES;
				"CODE_SIGN_IDENTITY[sdk=iphoneos*]" = "iPhone Developer";
				COPY_PHASE_STRIP = NO;
				DEBUG_INFORMATION_FORMAT = dwarf;
				ENABLE_STRICT_OBJC_MSGSEND = YES;
				ENABLE_TESTABILITY = YES;
				GCC_C_LANGUAGE_STANDARD = gnu99;
				GCC_DYNAMIC_NO_PIC = NO;
				GCC_NO_COMMON_BLOCKS = YES;
				GCC_OPTIMIZATION_LEVEL = 0;
				GCC_PREPROCESSOR_DEFINITIONS = (
					"DEBUG=1",
					"$(inherited)",
				);
				GCC_WARN_64_TO_32_BIT_CONVERSION = YES;
				GCC_WARN_ABOUT_RETURN_TYPE = YES_ERROR;
				GCC_WARN_UNDECLARED_SELECTOR = YES;
				GCC_WARN_UNINITIALIZED_AUTOS = YES_AGGRESSIVE;
				GCC_WARN_UNUSED_FUNCTION = YES;
				GCC_WARN_UNUSED_VARIABLE = YES;
				IPHONEOS_DEPLOYMENT_TARGET = 9.0;
				MTL_ENABLE_DEBUG_INFO = YES;
				ONLY_ACTIVE_ARCH = YES;
				SDKROOT = iphoneos;
			};
			name = Debug;
		};
		02256D3B1BD67B3500C473B7 /* Release */ = {
			isa = XCBuildConfiguration;
			buildSettings = {
				ALWAYS_SEARCH_USER_PATHS = NO;
				CLANG_CXX_LANGUAGE_STANDARD = "gnu++0x";
				CLANG_CXX_LIBRARY = "libc++";
				CLANG_ENABLE_MODULES = YES;
				CLANG_ENABLE_OBJC_ARC = YES;
				CLANG_WARN_BOOL_CONVERSION = YES;
				CLANG_WARN_CONSTANT_CONVERSION = YES;
				CLANG_WARN_DIRECT_OBJC_ISA_USAGE = YES_ERROR;
				CLANG_WARN_EMPTY_BODY = YES;
				CLANG_WARN_ENUM_CONVERSION = YES;
				CLANG_WARN_INT_CONVERSION = YES;
				CLANG_WARN_OBJC_ROOT_CLASS = YES_ERROR;
				CLANG_WARN_UNREACHABLE_CODE = YES;
				CLANG_WARN__DUPLICATE_METHOD_MATCH = YES;
				"CODE_SIGN_IDENTITY[sdk=iphoneos*]" = "iPhone Developer";
				COPY_PHASE_STRIP = NO;
				DEBUG_INFORMATION_FORMAT = "dwarf-with-dsym";
				ENABLE_NS_ASSERTIONS = NO;
				ENABLE_STRICT_OBJC_MSGSEND = YES;
				GCC_C_LANGUAGE_STANDARD = gnu99;
				GCC_NO_COMMON_BLOCKS = YES;
				GCC_WARN_64_TO_32_BIT_CONVERSION = YES;
				GCC_WARN_ABOUT_RETURN_TYPE = YES_ERROR;
				GCC_WARN_UNDECLARED_SELECTOR = YES;
				GCC_WARN_UNINITIALIZED_AUTOS = YES_AGGRESSIVE;
				GCC_WARN_UNUSED_FUNCTION = YES;
				GCC_WARN_UNUSED_VARIABLE = YES;
				IPHONEOS_DEPLOYMENT_TARGET = 9.0;
				MTL_ENABLE_DEBUG_INFO = NO;
				SDKROOT = iphoneos;
				VALIDATE_PRODUCT = YES;
			};
			name = Release;
		};
		02256D3D1BD67B3500C473B7 /* Debug */ = {
			isa = XCBuildConfiguration;
			buildSettings = {
				ASSETCATALOG_COMPILER_APPICON_NAME = AppIcon;
				INFOPLIST_FILE = PRJ_GeneralFramework_ObjC/Info.plist;
				LD_RUNPATH_SEARCH_PATHS = "$(inherited) @executable_path/Frameworks";
				PRODUCT_BUNDLE_IDENTIFIER = "com.C.-PRJ-GeneralFramework-ObjC.PRJ-GeneralFramework-ObjC";
				PRODUCT_NAME = "$(TARGET_NAME)";
			};
			name = Debug;
		};
		02256D3E1BD67B3500C473B7 /* Release */ = {
			isa = XCBuildConfiguration;
			buildSettings = {
				ASSETCATALOG_COMPILER_APPICON_NAME = AppIcon;
				INFOPLIST_FILE = PRJ_GeneralFramework_ObjC/Info.plist;
				LD_RUNPATH_SEARCH_PATHS = "$(inherited) @executable_path/Frameworks";
				PRODUCT_BUNDLE_IDENTIFIER = "com.C.-PRJ-GeneralFramework-ObjC.PRJ-GeneralFramework-ObjC";
				PRODUCT_NAME = "$(TARGET_NAME)";
			};
			name = Release;
		};
		02256D401BD67B3500C473B7 /* Debug */ = {
			isa = XCBuildConfiguration;
			buildSettings = {
				BUNDLE_LOADER = "$(TEST_HOST)";
				INFOPLIST_FILE = PRJ_GeneralFramework_ObjCTests/Info.plist;
				LD_RUNPATH_SEARCH_PATHS = "$(inherited) @executable_path/Frameworks @loader_path/Frameworks";
				PRODUCT_BUNDLE_IDENTIFIER = "com.C.-PRJ-GeneralFramework-ObjC.PRJ-GeneralFramework-ObjCTests";
				PRODUCT_NAME = "$(TARGET_NAME)";
				TEST_HOST = "$(BUILT_PRODUCTS_DIR)/PRJ_GeneralFramework_ObjC.app/PRJ_GeneralFramework_ObjC";
			};
			name = Debug;
		};
		02256D411BD67B3500C473B7 /* Release */ = {
			isa = XCBuildConfiguration;
			buildSettings = {
				BUNDLE_LOADER = "$(TEST_HOST)";
				INFOPLIST_FILE = PRJ_GeneralFramework_ObjCTests/Info.plist;
				LD_RUNPATH_SEARCH_PATHS = "$(inherited) @executable_path/Frameworks @loader_path/Frameworks";
				PRODUCT_BUNDLE_IDENTIFIER = "com.C.-PRJ-GeneralFramework-ObjC.PRJ-GeneralFramework-ObjCTests";
				PRODUCT_NAME = "$(TARGET_NAME)";
				TEST_HOST = "$(BUILT_PRODUCTS_DIR)/PRJ_GeneralFramework_ObjC.app/PRJ_GeneralFramework_ObjC";
			};
			name = Release;
		};
		02256D431BD67B3500C473B7 /* Debug */ = {
			isa = XCBuildConfiguration;
			buildSettings = {
				INFOPLIST_FILE = PRJ_GeneralFramework_ObjCUITests/Info.plist;
				LD_RUNPATH_SEARCH_PATHS = "$(inherited) @executable_path/Frameworks @loader_path/Frameworks";
				PRODUCT_BUNDLE_IDENTIFIER = "com.C.-PRJ-GeneralFramework-ObjC.PRJ-GeneralFramework-ObjCUITests";
				PRODUCT_NAME = "$(TARGET_NAME)";
				TEST_TARGET_NAME = PRJ_GeneralFramework_ObjC;
				USES_XCTRUNNER = YES;
			};
			name = Debug;
		};
		02256D441BD67B3500C473B7 /* Release */ = {
			isa = XCBuildConfiguration;
			buildSettings = {
				INFOPLIST_FILE = PRJ_GeneralFramework_ObjCUITests/Info.plist;
				LD_RUNPATH_SEARCH_PATHS = "$(inherited) @executable_path/Frameworks @loader_path/Frameworks";
				PRODUCT_BUNDLE_IDENTIFIER = "com.C.-PRJ-GeneralFramework-ObjC.PRJ-GeneralFramework-ObjCUITests";
				PRODUCT_NAME = "$(TARGET_NAME)";
				TEST_TARGET_NAME = PRJ_GeneralFramework_ObjC;
				USES_XCTRUNNER = YES;
			};
			name = Release;
		};
/* End XCBuildConfiguration section */

/* Begin XCConfigurationList section */
		02256D071BD67B3500C473B7 /* Build configuration list for PBXProject "PRJ_GeneralFramework_ObjC" */ = {
			isa = XCConfigurationList;
			buildConfigurations = (
				02256D3A1BD67B3500C473B7 /* Debug */,
				02256D3B1BD67B3500C473B7 /* Release */,
			);
			defaultConfigurationIsVisible = 0;
			defaultConfigurationName = Release;
		};
		02256D3C1BD67B3500C473B7 /* Build configuration list for PBXNativeTarget "PRJ_GeneralFramework_ObjC" */ = {
			isa = XCConfigurationList;
			buildConfigurations = (
				02256D3D1BD67B3500C473B7 /* Debug */,
				02256D3E1BD67B3500C473B7 /* Release */,
			);
			defaultConfigurationIsVisible = 0;
		};
		02256D3F1BD67B3500C473B7 /* Build configuration list for PBXNativeTarget "PRJ_GeneralFramework_ObjCTests" */ = {
			isa = XCConfigurationList;
			buildConfigurations = (
				02256D401BD67B3500C473B7 /* Debug */,
				02256D411BD67B3500C473B7 /* Release */,
			);
			defaultConfigurationIsVisible = 0;
		};
		02256D421BD67B3500C473B7 /* Build configuration list for PBXNativeTarget "PRJ_GeneralFramework_ObjCUITests" */ = {
			isa = XCConfigurationList;
			buildConfigurations = (
				02256D431BD67B3500C473B7 /* Debug */,
				02256D441BD67B3500C473B7 /* Release */,
			);
			defaultConfigurationIsVisible = 0;
		};
/* End XCConfigurationList section */

/* Begin XCVersionGroup section */
		02256D1B1BD67B3500C473B7 /* PRJ_GeneralFramework_ObjC.xcdatamodeld */ = {
			isa = XCVersionGroup;
			children = (
				02256D1C1BD67B3500C473B7 /* PRJ_GeneralFramework_ObjC.xcdatamodel */,
			);
			currentVersion = 02256D1C1BD67B3500C473B7 /* PRJ_GeneralFramework_ObjC.xcdatamodel */;
			path = PRJ_GeneralFramework_ObjC.xcdatamodeld;
			sourceTree = "<group>";
			versionGroupType = wrapper.xcdatamodel;
		};
/* End XCVersionGroup section */
	};
	rootObject = 02256D041BD67B3500C473B7 /* Project object */;
}
